
Microsoft Visual Studio Solution File, Format Version 12.00
# Visual Studio 2012
Project("{8BC9CEB8-8B4A-11D0-8D11-00A0C91BC942}") = "Team3Project1", "Team3Project1\Team3Project1.vcxproj", "{7B7A6F2D-2E22-4DAF-B536-8CEE122ABEDD}"
EndProject
Project("{8BC9CEB8-8B4A-11D0-8D11-00A0C91BC942}") = "Main_PS3_PPU", "Main_PS3_PPU\Main_PS3_PPU.vcxproj", "{4D395DA3-E2E4-45F0-8C36-CD2A7641728D}"
	ProjectSection(ProjectDependencies) = postProject
		{7B7A6F2D-2E22-4DAF-B536-8CEE122ABEDD} = {7B7A6F2D-2E22-4DAF-B536-8CEE122ABEDD}
	EndProjectSection
EndProject
Global
	GlobalSection(SolutionConfigurationPlatforms) = preSolution
		PS3_DEBUG|Mixed Platforms = PS3_DEBUG|Mixed Platforms
		PS3_DEBUG|PS3 = PS3_DEBUG|PS3
		PS3_DEBUG|Win32 = PS3_DEBUG|Win32
		PS3_RELEASE|Mixed Platforms = PS3_RELEASE|Mixed Platforms
		PS3_RELEASE|PS3 = PS3_RELEASE|PS3
		PS3_RELEASE|Win32 = PS3_RELEASE|Win32
		WINDOWS_DEBUG|Mixed Platforms = WINDOWS_DEBUG|Mixed Platforms
		WINDOWS_DEBUG|PS3 = WINDOWS_DEBUG|PS3
		WINDOWS_DEBUG|Win32 = WINDOWS_DEBUG|Win32
		WINDOWS_RELEASE|Mixed Platforms = WINDOWS_RELEASE|Mixed Platforms
		WINDOWS_RELEASE|PS3 = WINDOWS_RELEASE|PS3
		WINDOWS_RELEASE|Win32 = WINDOWS_RELEASE|Win32
	EndGlobalSection
	GlobalSection(ProjectConfigurationPlatforms) = postSolution
		{7B7A6F2D-2E22-4DAF-B536-8CEE122ABEDD}.PS3_DEBUG|Mixed Platforms.ActiveCfg = PS3_DEBUG|Win32
		{7B7A6F2D-2E22-4DAF-B536-8CEE122ABEDD}.PS3_DEBUG|Mixed Platforms.Build.0 = PS3_DEBUG|Win32
		{7B7A6F2D-2E22-4DAF-B536-8CEE122ABEDD}.PS3_DEBUG|PS3.ActiveCfg = PS3_DEBUG|PS3
		{7B7A6F2D-2E22-4DAF-B536-8CEE122ABEDD}.PS3_DEBUG|PS3.Build.0 = PS3_DEBUG|PS3
		{7B7A6F2D-2E22-4DAF-B536-8CEE122ABEDD}.PS3_DEBUG|PS3.Build.2 = Debug|PS3
		{7B7A6F2D-2E22-4DAF-B536-8CEE122ABEDD}.PS3_DEBUG|Win32.ActiveCfg = PS3_DEBUG|Win32
		{7B7A6F2D-2E22-4DAF-B536-8CEE122ABEDD}.PS3_RELEASE|Mixed Platforms.ActiveCfg = PS3_RELEASE|Win32
		{7B7A6F2D-2E22-4DAF-B536-8CEE122ABEDD}.PS3_RELEASE|Mixed Platforms.Build.0 = PS3_RELEASE|Win32
		{7B7A6F2D-2E22-4DAF-B536-8CEE122ABEDD}.PS3_RELEASE|PS3.ActiveCfg = PS3_RELEASE|PS3
		{7B7A6F2D-2E22-4DAF-B536-8CEE122ABEDD}.PS3_RELEASE|PS3.Build.0 = PS3_RELEASE|PS3
		{7B7A6F2D-2E22-4DAF-B536-8CEE122ABEDD}.PS3_RELEASE|Win32.ActiveCfg = PS3_RELEASE|Win32
		{7B7A6F2D-2E22-4DAF-B536-8CEE122ABEDD}.WINDOWS_DEBUG|Mixed Platforms.ActiveCfg = WINDOWS_DEBUG|Win32
		{7B7A6F2D-2E22-4DAF-B536-8CEE122ABEDD}.WINDOWS_DEBUG|Mixed Platforms.Build.0 = WINDOWS_DEBUG|Win32
		{7B7A6F2D-2E22-4DAF-B536-8CEE122ABEDD}.WINDOWS_DEBUG|PS3.ActiveCfg = WINDOWS_DEBUG|PS3
		{7B7A6F2D-2E22-4DAF-B536-8CEE122ABEDD}.WINDOWS_DEBUG|PS3.Build.0 = WINDOWS_DEBUG|PS3
		{7B7A6F2D-2E22-4DAF-B536-8CEE122ABEDD}.WINDOWS_DEBUG|Win32.ActiveCfg = WINDOWS_DEBUG|Win32
		{7B7A6F2D-2E22-4DAF-B536-8CEE122ABEDD}.WINDOWS_DEBUG|Win32.Build.0 = WINDOWS_DEBUG|Win32
		{7B7A6F2D-2E22-4DAF-B536-8CEE122ABEDD}.WINDOWS_RELEASE|Mixed Platforms.ActiveCfg = WINDOWS_RELEASE|Win32
		{7B7A6F2D-2E22-4DAF-B536-8CEE122ABEDD}.WINDOWS_RELEASE|Mixed Platforms.Build.0 = WINDOWS_RELEASE|Win32
		{7B7A6F2D-2E22-4DAF-B536-8CEE122ABEDD}.WINDOWS_RELEASE|PS3.ActiveCfg = WINDOWS_RELEASE|PS3
		{7B7A6F2D-2E22-4DAF-B536-8CEE122ABEDD}.WINDOWS_RELEASE|PS3.Build.0 = WINDOWS_RELEASE|PS3
		{7B7A6F2D-2E22-4DAF-B536-8CEE122ABEDD}.WINDOWS_RELEASE|Win32.ActiveCfg = WINDOWS_RELEASE|Win32
		{7B7A6F2D-2E22-4DAF-B536-8CEE122ABEDD}.WINDOWS_RELEASE|Win32.Build.0 = WINDOWS_RELEASE|Win32
		{4D395DA3-E2E4-45F0-8C36-CD2A7641728D}.PS3_DEBUG|Mixed Platforms.ActiveCfg = PS3_DEBUG|PS3
		{4D395DA3-E2E4-45F0-8C36-CD2A7641728D}.PS3_DEBUG|Mixed Platforms.Build.0 = PS3_DEBUG|PS3
		{4D395DA3-E2E4-45F0-8C36-CD2A7641728D}.PS3_DEBUG|PS3.ActiveCfg = PS3_DEBUG|PS3
		{4D395DA3-E2E4-45F0-8C36-CD2A7641728D}.PS3_DEBUG|PS3.Build.0 = PS3_DEBUG|PS3
		{4D395DA3-E2E4-45F0-8C36-CD2A7641728D}.PS3_DEBUG|PS3.Build.2 = Debug|PS3
		{4D395DA3-E2E4-45F0-8C36-CD2A7641728D}.PS3_DEBUG|Win32.ActiveCfg = PS3_DEBUG|PS3
		{4D395DA3-E2E4-45F0-8C36-CD2A7641728D}.PS3_RELEASE|Mixed Platforms.ActiveCfg = PS3_RELEASE|PS3
		{4D395DA3-E2E4-45F0-8C36-CD2A7641728D}.PS3_RELEASE|Mixed Platforms.Build.0 = PS3_RELEASE|PS3
		{4D395DA3-E2E4-45F0-8C36-CD2A7641728D}.PS3_RELEASE|PS3.ActiveCfg = PS3_RELEASE|PS3
		{4D395DA3-E2E4-45F0-8C36-CD2A7641728D}.PS3_RELEASE|PS3.Build.0 = PS3_RELEASE|PS3
		{4D395DA3-E2E4-45F0-8C36-CD2A7641728D}.PS3_RELEASE|Win32.ActiveCfg = PS3_RELEASE|PS3
		{4D395DA3-E2E4-45F0-8C36-CD2A7641728D}.WINDOWS_DEBUG|Mixed Platforms.ActiveCfg = WINDOWS_DEBUG|PS3
		{4D395DA3-E2E4-45F0-8C36-CD2A7641728D}.WINDOWS_DEBUG|Mixed Platforms.Build.0 = WINDOWS_DEBUG|PS3
		{4D395DA3-E2E4-45F0-8C36-CD2A7641728D}.WINDOWS_DEBUG|PS3.ActiveCfg = WINDOWS_DEBUG|PS3
		{4D395DA3-E2E4-45F0-8C36-CD2A7641728D}.WINDOWS_DEBUG|PS3.Build.0 = WINDOWS_DEBUG|PS3
		{4D395DA3-E2E4-45F0-8C36-CD2A7641728D}.WINDOWS_DEBUG|Win32.ActiveCfg = WINDOWS_DEBUG|PS3
		{4D395DA3-E2E4-45F0-8C36-CD2A7641728D}.WINDOWS_RELEASE|Mixed Platforms.ActiveCfg = WINDOWS_RELEASE|PS3
		{4D395DA3-E2E4-45F0-8C36-CD2A7641728D}.WINDOWS_RELEASE|Mixed Platforms.Build.0 = WINDOWS_RELEASE|PS3
		{4D395DA3-E2E4-45F0-8C36-CD2A7641728D}.WINDOWS_RELEASE|PS3.ActiveCfg = WINDOWS_RELEASE|PS3
		{4D395DA3-E2E4-45F0-8C36-CD2A7641728D}.WINDOWS_RELEASE|PS3.Build.0 = WINDOWS_RELEASE|PS3
		{4D395DA3-E2E4-45F0-8C36-CD2A7641728D}.WINDOWS_RELEASE|Win32.ActiveCfg = WINDOWS_RELEASE|PS3
	EndGlobalSection
	GlobalSection(SolutionProperties) = preSolution
		HideSolutionNode = FALSE
	EndGlobalSection
EndGlobal
